// !$*UTF8*$!
{
	archiveVersion = 1;
	classes = {
	};
	objectVersion = 56;
	objects = {

/* Begin PBXBuildFile section */
		555441652D84972A007C14DA /* main.swift in Sources */ = {isa = PBXBuildFile; fileRef = 555441642D84972A007C14DA /* main.swift */; };
		55706D802D8E08FA0001D269 /* Menu.swift in Sources */ = {isa = PBXBuildFile; fileRef = 55706D7F2D8E08FA0001D269 /* Menu.swift */; };
		55706D822D8E090B0001D269 /* Pergunta.swift in Sources */ = {isa = PBXBuildFile; fileRef = 55706D812D8E090B0001D269 /* Pergunta.swift */; };
		55A3AEAD2D8B33FB00C60948 /* Tabuleiro.swift in Sources */ = {isa = PBXBuildFile; fileRef = 55A3AEAC2D8B33FB00C60948 /* Tabuleiro.swift */; };
		55A3AEAF2D8B340C00C60948 /* Jogador.swift in Sources */ = {isa = PBXBuildFile; fileRef = 55A3AEAE2D8B340C00C60948 /* Jogador.swift */; };
		55A3CDBC2D948AB500104C9C /* Centralizador.swift in Sources */ = {isa = PBXBuildFile; fileRef = 55A3CDBB2D948AB500104C9C /* Centralizador.swift */; };
		55C248712D89FDF500467EDC /* Jogo.swift in Sources */ = {isa = PBXBuildFile; fileRef = 55C248702D89FDF500467EDC /* Jogo.swift */; };
/* End PBXBuildFile section */

/* Begin PBXCopyFilesBuildPhase section */
		5554415F2D84972A007C14DA /* CopyFiles */ = {
			isa = PBXCopyFilesBuildPhase;
			buildActionMask = 2147483647;
			dstPath = /usr/share/man/man1/;
			dstSubfolderSpec = 0;
			files = (
			);
			runOnlyForDeploymentPostprocessing = 1;
		};
/* End PBXCopyFilesBuildPhase section */

/* Begin PBXFileReference section */
		555441612D84972A007C14DA /* damas_beta */ = {isa = PBXFileReference; explicitFileType = "compiled.mach-o.executable"; includeInIndex = 0; path = damas_beta; sourceTree = BUILT_PRODUCTS_DIR; };
		555441642D84972A007C14DA /* main.swift */ = {isa = PBXFileReference; lastKnownFileType = sourcecode.swift; path = main.swift; sourceTree = "<group>"; };
		55706D7F2D8E08FA0001D269 /* Menu.swift */ = {isa = PBXFileReference; lastKnownFileType = sourcecode.swift; path = Menu.swift; sourceTree = SOURCE_ROOT; };
		55706D812D8E090B0001D269 /* Pergunta.swift */ = {isa = PBXFileReference; lastKnownFileType = sourcecode.swift; path = Pergunta.swift; sourceTree = "<group>"; };
		55A3AEAC2D8B33FB00C60948 /* Tabuleiro.swift */ = {isa = PBXFileReference; lastKnownFileType = sourcecode.swift; path = Tabuleiro.swift; sourceTree = "<group>"; };
		55A3AEAE2D8B340C00C60948 /* Jogador.swift */ = {isa = PBXFileReference; lastKnownFileType = sourcecode.swift; path = Jogador.swift; sourceTree = "<group>"; };
		55A3CDBB2D948AB500104C9C /* Centralizador.swift */ = {isa = PBXFileReference; lastKnownFileType = sourcecode.swift; path = Centralizador.swift; sourceTree = "<group>"; };
		55C248702D89FDF500467EDC /* Jogo.swift */ = {isa = PBXFileReference; lastKnownFileType = sourcecode.swift; path = Jogo.swift; sourceTree = "<group>"; };
/* End PBXFileReference section */

/* Begin PBXFrameworksBuildPhase section */
		5554415E2D84972A007C14DA /* Frameworks */ = {
			isa = PBXFrameworksBuildPhase;
			buildActionMask = 2147483647;
			files = (
			);
			runOnlyForDeploymentPostprocessing = 0;
		};
/* End PBXFrameworksBuildPhase section */

/* Begin PBXGroup section */
		555441582D84972A007C14DA = {
			isa = PBXGroup;
			children = (
				555441632D84972A007C14DA /* damas_beta */,
				555441622D84972A007C14DA /* Products */,
			);
			sourceTree = "<group>";
		};
		555441622D84972A007C14DA /* Products */ = {
			isa = PBXGroup;
			children = (
				555441612D84972A007C14DA /* damas_beta */,
			);
			name = Products;
			sourceTree = "<group>";
		};
		555441632D84972A007C14DA /* damas_beta */ = {
			isa = PBXGroup;
			children = (
				55706D7F2D8E08FA0001D269 /* Menu.swift */,
				55706D812D8E090B0001D269 /* Pergunta.swift */,
				555441642D84972A007C14DA /* main.swift */,
				55C248702D89FDF500467EDC /* Jogo.swift */,
				55A3AEAC2D8B33FB00C60948 /* Tabuleiro.swift */,
				55A3AEAE2D8B340C00C60948 /* Jogador.swift */,
				55A3CDBB2D948AB500104C9C /* Centralizador.swift */,
			);
			path = damas_beta;
			sourceTree = "<group>";
		};
/* End PBXGroup section */

/* Begin PBXNativeTarget section */
		555441602D84972A007C14DA /* damas_beta */ = {
			isa = PBXNativeTarget;
			buildConfigurationList = 555441682D84972A007C14DA /* Build configuration list for PBXNativeTarget "damas_beta" */;
			buildPhases = (
				5554415D2D84972A007C14DA /* Sources */,
				5554415E2D84972A007C14DA /* Frameworks */,
				5554415F2D84972A007C14DA /* CopyFiles */,
			);
			buildRules = (
			);
			dependencies = (
			);
			name = damas_beta;
			productName = damas_beta;
			productReference = 555441612D84972A007C14DA /* damas_beta */;
			productType = "com.apple.product-type.tool";
		};
/* End PBXNativeTarget section */

/* Begin PBXProject section */
		555441592D84972A007C14DA /* Project object */ = {
			isa = PBXProject;
			attributes = {
				BuildIndependentTargetsInParallel = 1;
				LastSwiftUpdateCheck = 1420;
				LastUpgradeCheck = 1420;
				TargetAttributes = {
					555441602D84972A007C14DA = {
						CreatedOnToolsVersion = 14.2;
					};
				};
			};
			buildConfigurationList = 5554415C2D84972A007C14DA /* Build configuration list for PBXProject "damas_beta" */;
			compatibilityVersion = "Xcode 14.0";
			developmentRegion = en;
			hasScannedForEncodings = 0;
			knownRegions = (
				en,
				Base,
			);
			mainGroup = 555441582D84972A007C14DA;
			productRefGroup = 555441622D84972A007C14DA /* Products */;
			projectDirPath = "";
			projectRoot = "";
			targets = (
				555441602D84972A007C14DA /* damas_beta */,
			);
		};
/* End PBXProject section */

/* Begin PBXSourcesBuildPhase section */
		5554415D2D84972A007C14DA /* Sources */ = {
			isa = PBXSourcesBuildPhase;
			buildActionMask = 2147483647;
			files = (
				55C248712D89FDF500467EDC /* Jogo.swift in Sources */,
				55706D822D8E090B0001D269 /* Pergunta.swift in Sources */,
				55A3AEAD2D8B33FB00C60948 /* Tabuleiro.swift in Sources */,
				55A3AEAF2D8B340C00C60948 /* Jogador.swift in Sources */,
				555441652D84972A007C14DA /* main.swift in Sources */,
				55706D802D8E08FA0001D269 /* Menu.swift in Sources */,
				55A3CDBC2D948AB500104C9C /* Centralizador.swift in Sources */,
			);
			runOnlyForDeploymentPostprocessing = 0;
		};
/* End PBXSourcesBuildPhase section */

/* Begin XCBuildConfiguration section */
		555441662D84972A007C14DA /* Debug */ = {
			isa = XCBuildConfiguration;
			buildSettings = {
				ALWAYS_SEARCH_USER_PATHS = NO;
				CLANG_ANALYZER_NONNULL = YES;
				CLANG_ANALYZER_NUMBER_OBJECT_CONVERSION = YES_AGGRESSIVE;
				CLANG_CXX_LANGUAGE_STANDARD = "gnu++20";
				CLANG_ENABLE_MODULES = YES;
				CLANG_ENABLE_OBJC_ARC = YES;
				CLANG_ENABLE_OBJC_WEAK = YES;
				CLANG_WARN_BLOCK_CAPTURE_AUTORELEASING = YES;
				CLANG_WARN_BOOL_CONVERSION = YES;
				CLANG_WARN_COMMA = YES;
				CLANG_WARN_CONSTANT_CONVERSION = YES;
				CLANG_WARN_DEPRECATED_OBJC_IMPLEMENTATIONS = YES;
				CLANG_WARN_DIRECT_OBJC_ISA_USAGE = YES_ERROR;
				CLANG_WARN_DOCUMENTATION_COMMENTS = YES;
				CLANG_WARN_EMPTY_BODY = YES;
				CLANG_WARN_ENUM_CONVERSION = YES;
				CLANG_WARN_INFINITE_RECURSION = YES;
				CLANG_WARN_INT_CONVERSION = YES;
				CLANG_WARN_NON_LITERAL_NULL_CONVERSION = YES;
				CLANG_WARN_OBJC_IMPLICIT_RETAIN_SELF = YES;
				CLANG_WARN_OBJC_LITERAL_CONVERSION = YES;
				CLANG_WARN_OBJC_ROOT_CLASS = YES_ERROR;
				CLANG_WARN_QUOTED_INCLUDE_IN_FRAMEWORK_HEADER = YES;
				CLANG_WARN_RANGE_LOOP_ANALYSIS = YES;
				CLANG_WARN_STRICT_PROTOTYPES = YES;
				CLANG_WARN_SUSPICIOUS_MOVE = YES;
				CLANG_WARN_UNGUARDED_AVAILABILITY = YES_AGGRESSIVE;
				CLANG_WARN_UNREACHABLE_CODE = YES;
				CLANG_WARN__DUPLICATE_METHOD_MATCH = YES;
				COPY_PHASE_STRIP = NO;
				DEBUG_INFORMATION_FORMAT = dwarf;
				ENABLE_STRICT_OBJC_MSGSEND = YES;
				ENABLE_TESTABILITY = YES;
				GCC_C_LANGUAGE_STANDARD = gnu11;
				GCC_DYNAMIC_NO_PIC = NO;
				GCC_NO_COMMON_BLOCKS = YES;
				GCC_OPTIMIZATION_LEVEL = 0;
				GCC_PREPROCESSOR_DEFINITIONS = (
					"DEBUG=1",
					"$(inherited)",
				);
				GCC_WARN_64_TO_32_BIT_CONVERSION = YES;
				GCC_WARN_ABOUT_RETURN_TYPE = YES_ERROR;
				GCC_WARN_UNDECLARED_SELECTOR = YES;
				GCC_WARN_UNINITIALIZED_AUTOS = YES_AGGRESSIVE;
				GCC_WARN_UNUSED_FUNCTION = YES;
				GCC_WARN_UNUSED_VARIABLE = YES;
				MACOSX_DEPLOYMENT_TARGET = 13.1;
				MTL_ENABLE_DEBUG_INFO = INCLUDE_SOURCE;
				MTL_FAST_MATH = YES;
				ONLY_ACTIVE_ARCH = YES;
				SDKROOT = macosx;
				SWIFT_ACTIVE_COMPILATION_CONDITIONS = DEBUG;
				SWIFT_OPTIMIZATION_LEVEL = "-Onone";
			};
			name = Debug;
		};
		555441672D84972A007C14DA /* Release */ = {
			isa = XCBuildConfiguration;
			buildSettings = {
				ALWAYS_SEARCH_USER_PATHS = NO;
				CLANG_ANALYZER_NONNULL = YES;
				CLANG_ANALYZER_NUMBER_OBJECT_CONVERSION = YES_AGGRESSIVE;
				CLANG_CXX_LANGUAGE_STANDARD = "gnu++20";
				CLANG_ENABLE_MODULES = YES;
				CLANG_ENABLE_OBJC_ARC = YES;
				CLANG_ENABLE_OBJC_WEAK = YES;
				CLANG_WARN_BLOCK_CAPTURE_AUTORELEASING = YES;
				CLANG_WARN_BOOL_CONVERSION = YES;
				CLANG_WARN_COMMA = YES;
				CLANG_WARN_CONSTANT_CONVERSION = YES;
				CLANG_WARN_DEPRECATED_OBJC_IMPLEMENTATIONS = YES;
				CLANG_WARN_DIRECT_OBJC_ISA_USAGE = YES_ERROR;
				CLANG_WARN_DOCUMENTATION_COMMENTS = YES;
				CLANG_WARN_EMPTY_BODY = YES;
				CLANG_WARN_ENUM_CONVERSION = YES;
				CLANG_WARN_INFINITE_RECURSION = YES;
				CLANG_WARN_INT_CONVERSION = YES;
				CLANG_WARN_NON_LITERAL_NULL_CONVERSION = YES;
				CLANG_WARN_OBJC_IMPLICIT_RETAIN_SELF = YES;
				CLANG_WARN_OBJC_LITERAL_CONVERSION = YES;
				CLANG_WARN_OBJC_ROOT_CLASS = YES_ERROR;
				CLANG_WARN_QUOTED_INCLUDE_IN_FRAMEWORK_HEADER = YES;
				CLANG_WARN_RANGE_LOOP_ANALYSIS = YES;
				CLANG_WARN_STRICT_PROTOTYPES = YES;
				CLANG_WARN_SUSPICIOUS_MOVE = YES;
				CLANG_WARN_UNGUARDED_AVAILABILITY = YES_AGGRESSIVE;
				CLANG_WARN_UNREACHABLE_CODE = YES;
				CLANG_WARN__DUPLICATE_METHOD_MATCH = YES;
				COPY_PHASE_STRIP = NO;
				DEBUG_INFORMATION_FORMAT = "dwarf-with-dsym";
				ENABLE_NS_ASSERTIONS = NO;
				ENABLE_STRICT_OBJC_MSGSEND = YES;
				GCC_C_LANGUAGE_STANDARD = gnu11;
				GCC_NO_COMMON_BLOCKS = YES;
				GCC_WARN_64_TO_32_BIT_CONVERSION = YES;
				GCC_WARN_ABOUT_RETURN_TYPE = YES_ERROR;
				GCC_WARN_UNDECLARED_SELECTOR = YES;
				GCC_WARN_UNINITIALIZED_AUTOS = YES_AGGRESSIVE;
				GCC_WARN_UNUSED_FUNCTION = YES;
				GCC_WARN_UNUSED_VARIABLE = YES;
				MACOSX_DEPLOYMENT_TARGET = 13.1;
				MTL_ENABLE_DEBUG_INFO = NO;
				MTL_FAST_MATH = YES;
				SDKROOT = macosx;
				SWIFT_COMPILATION_MODE = wholemodule;
				SWIFT_OPTIMIZATION_LEVEL = "-O";
			};
			name = Release;
		};
		555441692D84972A007C14DA /* Debug */ = {
			isa = XCBuildConfiguration;
			buildSettings = {
				CODE_SIGN_STYLE = Automatic;
				PRODUCT_NAME = "$(TARGET_NAME)";
				SWIFT_VERSION = 5.0;
			};
			name = Debug;
		};
		5554416A2D84972A007C14DA /* Release */ = {
			isa = XCBuildConfiguration;
			buildSettings = {
				CODE_SIGN_STYLE = Automatic;
				PRODUCT_NAME = "$(TARGET_NAME)";
				SWIFT_VERSION = 5.0;
			};
			name = Release;
		};
/* End XCBuildConfiguration section */

/* Begin XCConfigurationList section */
		5554415C2D84972A007C14DA /* Build configuration list for PBXProject "damas_beta" */ = {
			isa = XCConfigurationList;
			buildConfigurations = (
				555441662D84972A007C14DA /* Debug */,
				555441672D84972A007C14DA /* Release */,
			);
			defaultConfigurationIsVisible = 0;
			defaultConfigurationName = Release;
		};
		555441682D84972A007C14DA /* Build configuration list for PBXNativeTarget "damas_beta" */ = {
			isa = XCConfigurationList;
			buildConfigurations = (
				555441692D84972A007C14DA /* Debug */,
				5554416A2D84972A007C14DA /* Release */,
			);
			defaultConfigurationIsVisible = 0;
			defaultConfigurationName = Release;
		};
/* End XCConfigurationList section */
	};
	rootObject = 555441592D84972A007C14DA /* Project object */;
}
